
Microsoft Visual Studio Solution File, Format Version 12.00
# Visual Studio Version 17
VisualStudioVersion = 17.1.32328.378
MinimumVisualStudioVersion = 10.0.40219.1
Project("{FAE04EC0-301F-11D3-BF4B-00C04F79EFBC}") = "test_case", "test_case\test_case.csproj", "{4E7B5897-12AB-48A4-AF6A-4F6C0CA09FB3}"
EndProject
Global
	GlobalSection(SolutionConfigurationPlatforms) = preSolution
		Debug|Any CPU = Debug|Any CPU
		Release|Any CPU = Release|Any CPU
	EndGlobalSection
	GlobalSection(ProjectConfigurationPlatforms) = postSolution
		{4E7B5897-12AB-48A4-AF6A-4F6C0CA09FB3}.Debug|Any CPU.ActiveCfg = Debug|Any CPU
		{4E7B5897-12AB-48A4-AF6A-4F6C0CA09FB3}.Debug|Any CPU.Build.0 = Debug|Any CPU
		{4E7B5897-12AB-48A4-AF6A-4F6C0CA09FB3}.Release|Any CPU.ActiveCfg = Release|Any CPU
		{4E7B5897-12AB-48A4-AF6A-4F6C0CA09FB3}.Release|Any CPU.Build.0 = Release|Any CPU
	EndGlobalSection
	GlobalSection(SolutionProperties) = preSolution
		HideSolutionNode = FALSE
	EndGlobalSection
	GlobalSection(ExtensibilityGlobals) = postSolution
		SolutionGuid = {735D42F1-3E4F-497E-98AE-5D1232C785E6}
	EndGlobalSection
EndGlobal
